
Microsoft Visual Studio Solution File, Format Version 12.00
# Visual Studio Version 16
VisualStudioVersion = 16.0.31321.278
MinimumVisualStudioVersion = 10.0.40219.1
Project("{FAE04EC0-301F-11D3-BF4B-00C04F79EFBC}") = "FirstResponsiveWebAppSoulinthavong", "FirstResponsiveWebAppSoulinthavong\FirstResponsiveWebAppSoulinthavong.csproj", "{5D7BB2B4-4CEA-48AC-85F1-BFFB84C2BA1E}"
EndProject
Global
	GlobalSection(SolutionConfigurationPlatforms) = preSolution
		Debug|Any CPU = Debug|Any CPU
		Release|Any CPU = Release|Any CPU
	EndGlobalSection
	GlobalSection(ProjectConfigurationPlatforms) = postSolution
		{5D7BB2B4-4CEA-48AC-85F1-BFFB84C2BA1E}.Debug|Any CPU.ActiveCfg = Debug|Any CPU
		{5D7BB2B4-4CEA-48AC-85F1-BFFB84C2BA1E}.Debug|Any CPU.Build.0 = Debug|Any CPU
		{5D7BB2B4-4CEA-48AC-85F1-BFFB84C2BA1E}.Release|Any CPU.ActiveCfg = Release|Any CPU
		{5D7BB2B4-4CEA-48AC-85F1-BFFB84C2BA1E}.Release|Any CPU.Build.0 = Release|Any CPU
	EndGlobalSection
	GlobalSection(SolutionProperties) = preSolution
		HideSolutionNode = FALSE
	EndGlobalSection
	GlobalSection(ExtensibilityGlobals) = postSolution
		SolutionGuid = {76AA64E5-FFC0-41B2-AED6-8DF892CFD913}
	EndGlobalSection
EndGlobal
